// !$*UTF8*$!
{
	archiveVersion = 1;
	classes = {
	};
	objectVersion = 46;
	objects = {

/* Begin PBXBuildFile section */
		072074341A9A294500C0538A /* AppDelegate.swift in Sources */ = {isa = PBXBuildFile; fileRef = 072074331A9A294500C0538A /* AppDelegate.swift */; };
		072074361A9A294500C0538A /* ViewController.swift in Sources */ = {isa = PBXBuildFile; fileRef = 072074351A9A294500C0538A /* ViewController.swift */; };
		072074391A9A294500C0538A /* Main.storyboard in Resources */ = {isa = PBXBuildFile; fileRef = 072074371A9A294500C0538A /* Main.storyboard */; };
		0720743B1A9A294500C0538A /* Images.xcassets in Resources */ = {isa = PBXBuildFile; fileRef = 0720743A1A9A294500C0538A /* Images.xcassets */; };
		0720743E1A9A294500C0538A /* LaunchScreen.xib in Resources */ = {isa = PBXBuildFile; fileRef = 0720743C1A9A294500C0538A /* LaunchScreen.xib */; };
		0720744A1A9A294500C0538A /* EmojiChatTests.swift in Sources */ = {isa = PBXBuildFile; fileRef = 072074491A9A294500C0538A /* EmojiChatTests.swift */; };
/* End PBXBuildFile section */

/* Begin PBXContainerItemProxy section */
		072074441A9A294500C0538A /* PBXContainerItemProxy */ = {
			isa = PBXContainerItemProxy;
			containerPortal = 072074261A9A294500C0538A /* Project object */;
			proxyType = 1;
			remoteGlobalIDString = 0720742D1A9A294500C0538A;
			remoteInfo = EmojiChat;
		};
/* End PBXContainerItemProxy section */

/* Begin PBXFileReference section */
		0720742E1A9A294500C0538A /* EmojiChat.app */ = {isa = PBXFileReference; explicitFileType = wrapper.application; includeInIndex = 0; path = EmojiChat.app; sourceTree = BUILT_PRODUCTS_DIR; };
		072074321A9A294500C0538A /* Info.plist */ = {isa = PBXFileReference; lastKnownFileType = text.plist.xml; path = Info.plist; sourceTree = "<group>"; };
		072074331A9A294500C0538A /* AppDelegate.swift */ = {isa = PBXFileReference; lastKnownFileType = sourcecode.swift; path = AppDelegate.swift; sourceTree = "<group>"; };
		072074351A9A294500C0538A /* ViewController.swift */ = {isa = PBXFileReference; lastKnownFileType = sourcecode.swift; path = ViewController.swift; sourceTree = "<group>"; };
		072074381A9A294500C0538A /* Base */ = {isa = PBXFileReference; lastKnownFileType = file.storyboard; name = Base; path = Base.lproj/Main.storyboard; sourceTree = "<group>"; };
		0720743A1A9A294500C0538A /* Images.xcassets */ = {isa = PBXFileReference; lastKnownFileType = folder.assetcatalog; path = Images.xcassets; sourceTree = "<group>"; };
		0720743D1A9A294500C0538A /* Base */ = {isa = PBXFileReference; lastKnownFileType = file.xib; name = Base; path = Base.lproj/LaunchScreen.xib; sourceTree = "<group>"; };
		072074431A9A294500C0538A /* EmojiChatTests.xctest */ = {isa = PBXFileReference; explicitFileType = wrapper.cfbundle; includeInIndex = 0; path = EmojiChatTests.xctest; sourceTree = BUILT_PRODUCTS_DIR; };
		072074481A9A294500C0538A /* Info.plist */ = {isa = PBXFileReference; lastKnownFileType = text.plist.xml; path = Info.plist; sourceTree = "<group>"; };
		072074491A9A294500C0538A /* EmojiChatTests.swift */ = {isa = PBXFileReference; lastKnownFileType = sourcecode.swift; path = EmojiChatTests.swift; sourceTree = "<group>"; };
/* End PBXFileReference section */

/* Begin PBXFrameworksBuildPhase section */
		0720742B1A9A294500C0538A /* Frameworks */ = {
			isa = PBXFrameworksBuildPhase;
			buildActionMask = 2147483647;
			files = (
			);
			runOnlyForDeploymentPostprocessing = 0;
		};
		072074401A9A294500C0538A /* Frameworks */ = {
			isa = PBXFrameworksBuildPhase;
			buildActionMask = 2147483647;
			files = (
			);
			runOnlyForDeploymentPostprocessing = 0;
		};
/* End PBXFrameworksBuildPhase section */

/* Begin PBXGroup section */
		072074251A9A294500C0538A = {
			isa = PBXGroup;
			children = (
				072074301A9A294500C0538A /* EmojiChat */,
				072074461A9A294500C0538A /* EmojiChatTests */,
				0720742F1A9A294500C0538A /* Products */,
			);
			sourceTree = "<group>";
		};
		0720742F1A9A294500C0538A /* Products */ = {
			isa = PBXGroup;
			children = (
				0720742E1A9A294500C0538A /* EmojiChat.app */,
				072074431A9A294500C0538A /* EmojiChatTests.xctest */,
			);
			name = Products;
			sourceTree = "<group>";
		};
		072074301A9A294500C0538A /* EmojiChat */ = {
			isa = PBXGroup;
			children = (
				072074331A9A294500C0538A /* AppDelegate.swift */,
				072074351A9A294500C0538A /* ViewController.swift */,
				072074371A9A294500C0538A /* Main.storyboard */,
				0720743A1A9A294500C0538A /* Images.xcassets */,
				0720743C1A9A294500C0538A /* LaunchScreen.xib */,
				072074311A9A294500C0538A /* Supporting Files */,
			);
			path = EmojiChat;
			sourceTree = "<group>";
		};
		072074311A9A294500C0538A /* Supporting Files */ = {
			isa = PBXGroup;
			children = (
				072074321A9A294500C0538A /* Info.plist */,
			);
			name = "Supporting Files";
			sourceTree = "<group>";
		};
		072074461A9A294500C0538A /* EmojiChatTests */ = {
			isa = PBXGroup;
			children = (
				072074491A9A294500C0538A /* EmojiChatTests.swift */,
				072074471A9A294500C0538A /* Supporting Files */,
			);
			path = EmojiChatTests;
			sourceTree = "<group>";
		};
		072074471A9A294500C0538A /* Supporting Files */ = {
			isa = PBXGroup;
			children = (
				072074481A9A294500C0538A /* Info.plist */,
			);
			name = "Supporting Files";
			sourceTree = "<group>";
		};
/* End PBXGroup section */

/* Begin PBXNativeTarget section */
		0720742D1A9A294500C0538A /* EmojiChat */ = {
			isa = PBXNativeTarget;
			buildConfigurationList = 0720744D1A9A294500C0538A /* Build configuration list for PBXNativeTarget "EmojiChat" */;
			buildPhases = (
				0720742A1A9A294500C0538A /* Sources */,
				0720742B1A9A294500C0538A /* Frameworks */,
				0720742C1A9A294500C0538A /* Resources */,
			);
			buildRules = (
			);
			dependencies = (
			);
			name = EmojiChat;
			productName = EmojiChat;
			productReference = 0720742E1A9A294500C0538A /* EmojiChat.app */;
			productType = "com.apple.product-type.application";
		};
		072074421A9A294500C0538A /* EmojiChatTests */ = {
			isa = PBXNativeTarget;
			buildConfigurationList = 072074501A9A294500C0538A /* Build configuration list for PBXNativeTarget "EmojiChatTests" */;
			buildPhases = (
				0720743F1A9A294500C0538A /* Sources */,
				072074401A9A294500C0538A /* Frameworks */,
				072074411A9A294500C0538A /* Resources */,
			);
			buildRules = (
			);
			dependencies = (
				072074451A9A294500C0538A /* PBXTargetDependency */,
			);
			name = EmojiChatTests;
			productName = EmojiChatTests;
			productReference = 072074431A9A294500C0538A /* EmojiChatTests.xctest */;
			productType = "com.apple.product-type.bundle.unit-test";
		};
/* End PBXNativeTarget section */

/* Begin PBXProject section */
		072074261A9A294500C0538A /* Project object */ = {
			isa = PBXProject;
			attributes = {
				LastUpgradeCheck = 0610;
				ORGANIZATIONNAME = "Eric Kim";
				TargetAttributes = {
					0720742D1A9A294500C0538A = {
						CreatedOnToolsVersion = 6.1.1;
					};
					072074421A9A294500C0538A = {
						CreatedOnToolsVersion = 6.1.1;
						TestTargetID = 0720742D1A9A294500C0538A;
					};
				};
			};
			buildConfigurationList = 072074291A9A294500C0538A /* Build configuration list for PBXProject "EmojiChat" */;
			compatibilityVersion = "Xcode 3.2";
			developmentRegion = English;
			hasScannedForEncodings = 0;
			knownRegions = (
				en,
				Base,
			);
			mainGroup = 072074251A9A294500C0538A;
			productRefGroup = 0720742F1A9A294500C0538A /* Products */;
			projectDirPath = "";
			projectRoot = "";
			targets = (
				0720742D1A9A294500C0538A /* EmojiChat */,
				072074421A9A294500C0538A /* EmojiChatTests */,
			);
		};
/* End PBXProject section */

/* Begin PBXResourcesBuildPhase section */
		0720742C1A9A294500C0538A /* Resources */ = {
			isa = PBXResourcesBuildPhase;
			buildActionMask = 2147483647;
			files = (
				072074391A9A294500C0538A /* Main.storyboard in Resources */,
				0720743E1A9A294500C0538A /* LaunchScreen.xib in Resources */,
				0720743B1A9A294500C0538A /* Images.xcassets in Resources */,
			);
			runOnlyForDeploymentPostprocessing = 0;
		};
		072074411A9A294500C0538A /* Resources */ = {
			isa = PBXResourcesBuildPhase;
			buildActionMask = 2147483647;
			files = (
			);
			runOnlyForDeploymentPostprocessing = 0;
		};
/* End PBXResourcesBuildPhase section */

/* Begin PBXSourcesBuildPhase section */
		0720742A1A9A294500C0538A /* Sources */ = {
			isa = PBXSourcesBuildPhase;
			buildActionMask = 2147483647;
			files = (
				072074361A9A294500C0538A /* ViewController.swift in Sources */,
				072074341A9A294500C0538A /* AppDelegate.swift in Sources */,
			);
			runOnlyForDeploymentPostprocessing = 0;
		};
		0720743F1A9A294500C0538A /* Sources */ = {
			isa = PBXSourcesBuildPhase;
			buildActionMask = 2147483647;
			files = (
				0720744A1A9A294500C0538A /* EmojiChatTests.swift in Sources */,
			);
			runOnlyForDeploymentPostprocessing = 0;
		};
/* End PBXSourcesBuildPhase section */

/* Begin PBXTargetDependency section */
		072074451A9A294500C0538A /* PBXTargetDependency */ = {
			isa = PBXTargetDependency;
			target = 0720742D1A9A294500C0538A /* EmojiChat */;
			targetProxy = 072074441A9A294500C0538A /* PBXContainerItemProxy */;
		};
/* End PBXTargetDependency section */

/* Begin PBXVariantGroup section */
		072074371A9A294500C0538A /* Main.storyboard */ = {
			isa = PBXVariantGroup;
			children = (
				072074381A9A294500C0538A /* Base */,
			);
			name = Main.storyboard;
			sourceTree = "<group>";
		};
		0720743C1A9A294500C0538A /* LaunchScreen.xib */ = {
			isa = PBXVariantGroup;
			children = (
				0720743D1A9A294500C0538A /* Base */,
			);
			name = LaunchScreen.xib;
			sourceTree = "<group>";
		};
/* End PBXVariantGroup section */

/* Begin XCBuildConfiguration section */
		0720744B1A9A294500C0538A /* Debug */ = {
			isa = XCBuildConfiguration;
			buildSettings = {
				ALWAYS_SEARCH_USER_PATHS = NO;
				CLANG_CXX_LANGUAGE_STANDARD = "gnu++0x";
				CLANG_CXX_LIBRARY = "libc++";
				CLANG_ENABLE_MODULES = YES;
				CLANG_ENABLE_OBJC_ARC = YES;
				CLANG_WARN_BOOL_CONVERSION = YES;
				CLANG_WARN_CONSTANT_CONVERSION = YES;
				CLANG_WARN_DIRECT_OBJC_ISA_USAGE = YES_ERROR;
				CLANG_WARN_EMPTY_BODY = YES;
				CLANG_WARN_ENUM_CONVERSION = YES;
				CLANG_WARN_INT_CONVERSION = YES;
				CLANG_WARN_OBJC_ROOT_CLASS = YES_ERROR;
				CLANG_WARN_UNREACHABLE_CODE = YES;
				CLANG_WARN__DUPLICATE_METHOD_MATCH = YES;
				"CODE_SIGN_IDENTITY[sdk=iphoneos*]" = "iPhone Developer";
				COPY_PHASE_STRIP = NO;
				ENABLE_STRICT_OBJC_MSGSEND = YES;
				GCC_C_LANGUAGE_STANDARD = gnu99;
				GCC_DYNAMIC_NO_PIC = NO;
				GCC_OPTIMIZATION_LEVEL = 0;
				GCC_PREPROCESSOR_DEFINITIONS = (
					"DEBUG=1",
					"$(inherited)",
				);
				GCC_SYMBOLS_PRIVATE_EXTERN = NO;
				GCC_WARN_64_TO_32_BIT_CONVERSION = YES;
				GCC_WARN_ABOUT_RETURN_TYPE = YES_ERROR;
				GCC_WARN_UNDECLARED_SELECTOR = YES;
				GCC_WARN_UNINITIALIZED_AUTOS = YES_AGGRESSIVE;
				GCC_WARN_UNUSED_FUNCTION = YES;
				GCC_WARN_UNUSED_VARIABLE = YES;
				IPHONEOS_DEPLOYMENT_TARGET = 8.1;
				MTL_ENABLE_DEBUG_INFO = YES;
				ONLY_ACTIVE_ARCH = YES;
				SDKROOT = iphoneos;
				SWIFT_OPTIMIZATION_LEVEL = "-Onone";
			};
			name = Debug;
		};
		0720744C1A9A294500C0538A /* Release */ = {
			isa = XCBuildConfiguration;
			buildSettings = {
				ALWAYS_SEARCH_USER_PATHS = NO;
				CLANG_CXX_LANGUAGE_STANDARD = "gnu++0x";
				CLANG_CXX_LIBRARY = "libc++";
				CLANG_ENABLE_MODULES = YES;
				CLANG_ENABLE_OBJC_ARC = YES;
				CLANG_WARN_BOOL_CONVERSION = YES;
				CLANG_WARN_CONSTANT_CONVERSION = YES;
				CLANG_WARN_DIRECT_OBJC_ISA_USAGE = YES_ERROR;
				CLANG_WARN_EMPTY_BODY = YES;
				CLANG_WARN_ENUM_CONVERSION = YES;
				CLANG_WARN_INT_CONVERSION = YES;
				CLANG_WARN_OBJC_ROOT_CLASS = YES_ERROR;
				CLANG_WARN_UNREACHABLE_CODE = YES;
				CLANG_WARN__DUPLICATE_METHOD_MATCH = YES;
				"CODE_SIGN_IDENTITY[sdk=iphoneos*]" = "iPhone Developer";
				COPY_PHASE_STRIP = YES;
				ENABLE_NS_ASSERTIONS = NO;
				ENABLE_STRICT_OBJC_MSGSEND = YES;
				GCC_C_LANGUAGE_STANDARD = gnu99;
				GCC_WARN_64_TO_32_BIT_CONVERSION = YES;
				GCC_WARN_ABOUT_RETURN_TYPE = YES_ERROR;
				GCC_WARN_UNDECLARED_SELECTOR = YES;
				GCC_WARN_UNINITIALIZED_AUTOS = YES_AGGRESSIVE;
				GCC_WARN_UNUSED_FUNCTION = YES;
				GCC_WARN_UNUSED_VARIABLE = YES;
				IPHONEOS_DEPLOYMENT_TARGET = 8.1;
				MTL_ENABLE_DEBUG_INFO = NO;
				SDKROOT = iphoneos;
				VALIDATE_PRODUCT = YES;
			};
			name = Release;
		};
		0720744E1A9A294500C0538A /* Debug */ = {
			isa = XCBuildConfiguration;
			buildSettings = {
				ASSETCATALOG_COMPILER_APPICON_NAME = AppIcon;
				INFOPLIST_FILE = EmojiChat/Info.plist;
				LD_RUNPATH_SEARCH_PATHS = "$(inherited) @executable_path/Frameworks";
				PRODUCT_NAME = "$(TARGET_NAME)";
			};
			name = Debug;
		};
		0720744F1A9A294500C0538A /* Release */ = {
			isa = XCBuildConfiguration;
			buildSettings = {
				ASSETCATALOG_COMPILER_APPICON_NAME = AppIcon;
				INFOPLIST_FILE = EmojiChat/Info.plist;
				LD_RUNPATH_SEARCH_PATHS = "$(inherited) @executable_path/Frameworks";
				PRODUCT_NAME = "$(TARGET_NAME)";
			};
			name = Release;
		};
		072074511A9A294500C0538A /* Debug */ = {
			isa = XCBuildConfiguration;
			buildSettings = {
				BUNDLE_LOADER = "$(TEST_HOST)";
				FRAMEWORK_SEARCH_PATHS = (
					"$(SDKROOT)/Developer/Library/Frameworks",
					"$(inherited)",
				);
				GCC_PREPROCESSOR_DEFINITIONS = (
					"DEBUG=1",
					"$(inherited)",
				);
				INFOPLIST_FILE = EmojiChatTests/Info.plist;
				LD_RUNPATH_SEARCH_PATHS = "$(inherited) @executable_path/Frameworks @loader_path/Frameworks";
				PRODUCT_NAME = "$(TARGET_NAME)";
				TEST_HOST = "$(BUILT_PRODUCTS_DIR)/EmojiChat.app/EmojiChat";
			};
			name = Debug;
		};
		072074521A9A294500C0538A /* Release */ = {
			isa = XCBuildConfiguration;
			buildSettings = {
				BUNDLE_LOADER = "$(TEST_HOST)";
				FRAMEWORK_SEARCH_PATHS = (
					"$(SDKROOT)/Developer/Library/Frameworks",
					"$(inherited)",
				);
				INFOPLIST_FILE = EmojiChatTests/Info.plist;
				LD_RUNPATH_SEARCH_PATHS = "$(inherited) @executable_path/Frameworks @loader_path/Frameworks";
				PRODUCT_NAME = "$(TARGET_NAME)";
				TEST_HOST = "$(BUILT_PRODUCTS_DIR)/EmojiChat.app/EmojiChat";
			};
			name = Release;
		};
/* End XCBuildConfiguration section */

/* Begin XCConfigurationList section */
		072074291A9A294500C0538A /* Build configuration list for PBXProject "EmojiChat" */ = {
			isa = XCConfigurationList;
			buildConfigurations = (
				0720744B1A9A294500C0538A /* Debug */,
				0720744C1A9A294500C0538A /* Release */,
			);
			defaultConfigurationIsVisible = 0;
			defaultConfigurationName = Release;
		};
		0720744D1A9A294500C0538A /* Build configuration list for PBXNativeTarget "EmojiChat" */ = {
			isa = XCConfigurationList;
			buildConfigurations = (
				0720744E1A9A294500C0538A /* Debug */,
				0720744F1A9A294500C0538A /* Release */,
			);
			defaultConfigurationIsVisible = 0;
			defaultConfigurationName = Release;
		};
		072074501A9A294500C0538A /* Build configuration list for PBXNativeTarget "EmojiChatTests" */ = {
			isa = XCConfigurationList;
			buildConfigurations = (
				072074511A9A294500C0538A /* Debug */,
				072074521A9A294500C0538A /* Release */,
			);
			defaultConfigurationIsVisible = 0;
			defaultConfigurationName = Release;
		};
/* End XCConfigurationList section */
	};
	rootObject = 072074261A9A294500C0538A /* Project object */;
}
